
Microsoft Visual Studio Solution File, Format Version 12.00
# Visual Studio 2012
Project("{FAE04EC0-301F-11D3-BF4B-00C04F79EFBC}") = "MedicalSolution", "MedicalSolution\MedicalSolution.csproj", "{08F1FA5D-9DDE-443E-A12E-C52C52E8F1EB}"
EndProject
Project("{FAE04EC0-301F-11D3-BF4B-00C04F79EFBC}") = "Infrastructure", "DAL\Infrastructure.csproj", "{0E962FF8-D79C-45C1-AC2D-D61D729C8D04}"
EndProject
Project("{FAE04EC0-301F-11D3-BF4B-00C04F79EFBC}") = "Core", "Core\Core.csproj", "{22D676CA-03CF-46FB-B1E7-1E7A3EE91A0F}"
EndProject
Project("{FAE04EC0-301F-11D3-BF4B-00C04F79EFBC}") = "DAL", "Repository\DAL.csproj", "{2F0BCEFB-19D5-4B8E-B4C0-BAFE0C3879A2}"
EndProject
Global
	GlobalSection(SolutionConfigurationPlatforms) = preSolution
		Debug|Any CPU = Debug|Any CPU
		Release|Any CPU = Release|Any CPU
	EndGlobalSection
	GlobalSection(ProjectConfigurationPlatforms) = postSolution
		{08F1FA5D-9DDE-443E-A12E-C52C52E8F1EB}.Debug|Any CPU.ActiveCfg = Debug|Any CPU
		{08F1FA5D-9DDE-443E-A12E-C52C52E8F1EB}.Debug|Any CPU.Build.0 = Debug|Any CPU
		{08F1FA5D-9DDE-443E-A12E-C52C52E8F1EB}.Release|Any CPU.ActiveCfg = Release|Any CPU
		{08F1FA5D-9DDE-443E-A12E-C52C52E8F1EB}.Release|Any CPU.Build.0 = Release|Any CPU
		{0E962FF8-D79C-45C1-AC2D-D61D729C8D04}.Debug|Any CPU.ActiveCfg = Debug|Any CPU
		{0E962FF8-D79C-45C1-AC2D-D61D729C8D04}.Debug|Any CPU.Build.0 = Debug|Any CPU
		{0E962FF8-D79C-45C1-AC2D-D61D729C8D04}.Release|Any CPU.ActiveCfg = Release|Any CPU
		{0E962FF8-D79C-45C1-AC2D-D61D729C8D04}.Release|Any CPU.Build.0 = Release|Any CPU
		{22D676CA-03CF-46FB-B1E7-1E7A3EE91A0F}.Debug|Any CPU.ActiveCfg = Debug|Any CPU
		{22D676CA-03CF-46FB-B1E7-1E7A3EE91A0F}.Debug|Any CPU.Build.0 = Debug|Any CPU
		{22D676CA-03CF-46FB-B1E7-1E7A3EE91A0F}.Release|Any CPU.ActiveCfg = Release|Any CPU
		{22D676CA-03CF-46FB-B1E7-1E7A3EE91A0F}.Release|Any CPU.Build.0 = Release|Any CPU
		{2F0BCEFB-19D5-4B8E-B4C0-BAFE0C3879A2}.Debug|Any CPU.ActiveCfg = Debug|Any CPU
		{2F0BCEFB-19D5-4B8E-B4C0-BAFE0C3879A2}.Debug|Any CPU.Build.0 = Debug|Any CPU
		{2F0BCEFB-19D5-4B8E-B4C0-BAFE0C3879A2}.Release|Any CPU.ActiveCfg = Release|Any CPU
		{2F0BCEFB-19D5-4B8E-B4C0-BAFE0C3879A2}.Release|Any CPU.Build.0 = Release|Any CPU
	EndGlobalSection
	GlobalSection(SolutionProperties) = preSolution
		HideSolutionNode = FALSE
	EndGlobalSection
EndGlobal
